
Microsoft Visual Studio Solution File, Format Version 12.00
# Visual Studio 15
VisualStudioVersion = 15.0.27130.2024
MinimumVisualStudioVersion = 10.0.40219.1
Project("{FAE04EC0-301F-11D3-BF4B-00C04F79EFBC}") = "ShortLink", "ShortLink\ShortLink.csproj", "{3CB7BA83-3459-42F1-BA7C-DDDA52269686}"
EndProject
Global
	GlobalSection(SolutionConfigurationPlatforms) = preSolution
		Debug|Any CPU = Debug|Any CPU
		Release|Any CPU = Release|Any CPU
	EndGlobalSection
	GlobalSection(ProjectConfigurationPlatforms) = postSolution
		{3CB7BA83-3459-42F1-BA7C-DDDA52269686}.Debug|Any CPU.ActiveCfg = Debug|Any CPU
		{3CB7BA83-3459-42F1-BA7C-DDDA52269686}.Debug|Any CPU.Build.0 = Debug|Any CPU
		{3CB7BA83-3459-42F1-BA7C-DDDA52269686}.Release|Any CPU.ActiveCfg = Release|Any CPU
		{3CB7BA83-3459-42F1-BA7C-DDDA52269686}.Release|Any CPU.Build.0 = Release|Any CPU
	EndGlobalSection
	GlobalSection(SolutionProperties) = preSolution
		HideSolutionNode = FALSE
	EndGlobalSection
	GlobalSection(ExtensibilityGlobals) = postSolution
		SolutionGuid = {9E9AD950-A865-44DD-9535-7DDB42C5D485}
	EndGlobalSection
EndGlobal
